
Microsoft Visual Studio Solution File, Format Version 12.00
# Visual Studio Version 16
VisualStudioVersion = 16.0.30104.148
MinimumVisualStudioVersion = 10.0.40219.1
Project("{FAE04EC0-301F-11D3-BF4B-00C04F79EFBC}") = "_IHero", "_IHero\_IHero.csproj", "{9ABE0524-77A8-481F-90E7-E669C3997975}"
EndProject
Global
	GlobalSection(SolutionConfigurationPlatforms) = preSolution
		Debug|Any CPU = Debug|Any CPU
		Release|Any CPU = Release|Any CPU
	EndGlobalSection
	GlobalSection(ProjectConfigurationPlatforms) = postSolution
		{9ABE0524-77A8-481F-90E7-E669C3997975}.Debug|Any CPU.ActiveCfg = Debug|Any CPU
		{9ABE0524-77A8-481F-90E7-E669C3997975}.Debug|Any CPU.Build.0 = Debug|Any CPU
		{9ABE0524-77A8-481F-90E7-E669C3997975}.Release|Any CPU.ActiveCfg = Release|Any CPU
		{9ABE0524-77A8-481F-90E7-E669C3997975}.Release|Any CPU.Build.0 = Release|Any CPU
	EndGlobalSection
	GlobalSection(SolutionProperties) = preSolution
		HideSolutionNode = FALSE
	EndGlobalSection
	GlobalSection(ExtensibilityGlobals) = postSolution
		SolutionGuid = {CBC3CB40-2CCD-43EC-8516-AE22E13E278D}
	EndGlobalSection
EndGlobal
